{
  "name": "systemf",
  "version": "1.0.0",
  "lockfileVersion": 2,
  "requires": true,
  "packages": {
    "": {
      "name": "systemf",
      "version": "1.0.0",
      "license": "MIT",
      "dependencies": {
        "saman": "^0.0.2",
        "styp": "^0.0.2"
      }
    },
    "node_modules/saman": {
      "version": "0.0.2",
      "resolved": "https://registry.npmjs.org/saman/-/saman-0.0.2.tgz",
      "integrity": "sha512-mUrUTTmnKj5LmWq58rnWYyBJ2ie5Ale4gJbdywrBr8tHSFb8F+pbcinXtMHbbKuLH2xio404wA2577oJnTUrYQ=="
    },
    "node_modules/styp": {
      "version": "0.0.2",
      "resolved": "https://registry.npmjs.org/styp/-/styp-0.0.2.tgz",
      "integrity": "sha512-HQLYzoNXzIbqKrEVYLMuqn5CYvBg2NlFsPQMwO7vrUpmRTchhuTetl2VdeH0HVUoAADTBpemYWNESPGl3AzhrQ=="
    }
  },
  "dependencies": {
    "saman": {
      "version": "0.0.2",
      "resolved": "https://registry.npmjs.org/saman/-/saman-0.0.2.tgz",
      "integrity": "sha512-mUrUTTmnKj5LmWq58rnWYyBJ2ie5Ale4gJbdywrBr8tHSFb8F+pbcinXtMHbbKuLH2xio404wA2577oJnTUrYQ=="
    },
    "styp": {
      "version": "0.0.2",
      "resolved": "https://registry.npmjs.org/styp/-/styp-0.0.2.tgz",
      "integrity": "sha512-HQLYzoNXzIbqKrEVYLMuqn5CYvBg2NlFsPQMwO7vrUpmRTchhuTetl2VdeH0HVUoAADTBpemYWNESPGl3AzhrQ=="
    }
  }
}
